// !$*UTF8*$!
{
	archiveVersion = 1;
	classes = {
	};
	objectVersion = 56;
	objects = {

/* Begin PBXBuildFile section */
		E5084E5A2AEE4D21002A6B10 /* HapticManager.swift in Sources */ = {isa = PBXBuildFile; fileRef = E5084E592AEE4D21002A6B10 /* HapticManager.swift */; };
		E51C71622AEBAFC000EBDB50 /* CoinRowView.swift in Sources */ = {isa = PBXBuildFile; fileRef = E51C71612AEBAFC000EBDB50 /* CoinRowView.swift */; };
		E51C71642AEBB05000EBDB50 /* PreviewProvider.swift in Sources */ = {isa = PBXBuildFile; fileRef = E51C71632AEBB05000EBDB50 /* PreviewProvider.swift */; };
		E51C71662AEBB77C00EBDB50 /* Double.swift in Sources */ = {isa = PBXBuildFile; fileRef = E51C71652AEBB77C00EBDB50 /* Double.swift */; };
		E51C71682AEBC7F000EBDB50 /* HomeViewModel.swift in Sources */ = {isa = PBXBuildFile; fileRef = E51C71672AEBC7F000EBDB50 /* HomeViewModel.swift */; };
		E51C716B2AECDF9E00EBDB50 /* CoinDataService.swift in Sources */ = {isa = PBXBuildFile; fileRef = E51C716A2AECDF9E00EBDB50 /* CoinDataService.swift */; };
		E51C716D2AECE45500EBDB50 /* JSONDecoder.swift in Sources */ = {isa = PBXBuildFile; fileRef = E51C716C2AECE45500EBDB50 /* JSONDecoder.swift */; };
		E51C71702AECFCFA00EBDB50 /* NetworkingManager.swift in Sources */ = {isa = PBXBuildFile; fileRef = E51C716F2AECFCFA00EBDB50 /* NetworkingManager.swift */; };
		E51C71732AED0AE900EBDB50 /* CoinImageView.swift in Sources */ = {isa = PBXBuildFile; fileRef = E51C71722AED0AE900EBDB50 /* CoinImageView.swift */; };
		E51C71752AED0D0300EBDB50 /* CoinImageService.swift in Sources */ = {isa = PBXBuildFile; fileRef = E51C71742AED0D0300EBDB50 /* CoinImageService.swift */; };
		E51C71772AED0E1500EBDB50 /* CoinImageViewModel.swift in Sources */ = {isa = PBXBuildFile; fileRef = E51C71762AED0E1500EBDB50 /* CoinImageViewModel.swift */; };
		E51C71792AED183D00EBDB50 /* LocalFileManager.swift in Sources */ = {isa = PBXBuildFile; fileRef = E51C71782AED183D00EBDB50 /* LocalFileManager.swift */; };
		E54260C52AEA96060095C4D5 /* cryBtoApp.swift in Sources */ = {isa = PBXBuildFile; fileRef = E54260C42AEA96060095C4D5 /* cryBtoApp.swift */; };
		E54260C72AEA96060095C4D5 /* ContentView.swift in Sources */ = {isa = PBXBuildFile; fileRef = E54260C62AEA96060095C4D5 /* ContentView.swift */; };
		E54260CC2AEA96070095C4D5 /* Preview Assets.xcassets in Resources */ = {isa = PBXBuildFile; fileRef = E54260CB2AEA96070095C4D5 /* Preview Assets.xcassets */; };
		E54260D32AEA978C0095C4D5 /* Assets.xcassets in Resources */ = {isa = PBXBuildFile; fileRef = E54260D22AEA978C0095C4D5 /* Assets.xcassets */; };
		E54260D62AEA99310095C4D5 /* Color.swift in Sources */ = {isa = PBXBuildFile; fileRef = E54260D52AEA99310095C4D5 /* Color.swift */; };
		E54260DC2AEAA4650095C4D5 /* HomeView.swift in Sources */ = {isa = PBXBuildFile; fileRef = E54260DB2AEAA4650095C4D5 /* HomeView.swift */; };
		E54260E02AEAA5730095C4D5 /* CircleButtonView.swift in Sources */ = {isa = PBXBuildFile; fileRef = E54260DF2AEAA5730095C4D5 /* CircleButtonView.swift */; };
		E54260E22AEAA8280095C4D5 /* CircleButtonAnimationView.swift in Sources */ = {isa = PBXBuildFile; fileRef = E54260E12AEAA8280095C4D5 /* CircleButtonAnimationView.swift */; };
		E54260E72AEAC4D90095C4D5 /* CoinModel.swift in Sources */ = {isa = PBXBuildFile; fileRef = E54260E62AEAC4D90095C4D5 /* CoinModel.swift */; };
		E55F021C2AED7DF700D7D878 /* MarketDataModel.swift in Sources */ = {isa = PBXBuildFile; fileRef = E55F021B2AED7DF700D7D878 /* MarketDataModel.swift */; };
		E55F021E2AED810B00D7D878 /* MarketDataService.swift in Sources */ = {isa = PBXBuildFile; fileRef = E55F021D2AED810B00D7D878 /* MarketDataService.swift */; };
		E55F02202AED8A5F00D7D878 /* PortfolioView.swift in Sources */ = {isa = PBXBuildFile; fileRef = E55F021F2AED8A5F00D7D878 /* PortfolioView.swift */; };
		E55F02222AED8D2A00D7D878 /* DismissButton.swift in Sources */ = {isa = PBXBuildFile; fileRef = E55F02212AED8D2A00D7D878 /* DismissButton.swift */; };
		E55F02242AED8E8500D7D878 /* CoinLogoView.swift in Sources */ = {isa = PBXBuildFile; fileRef = E55F02232AED8E8500D7D878 /* CoinLogoView.swift */; };
		E574BAB92AED34120067DC99 /* SearchBarView.swift in Sources */ = {isa = PBXBuildFile; fileRef = E574BAB82AED34120067DC99 /* SearchBarView.swift */; };
		E574BABB2AED38070067DC99 /* UIApplication.swift in Sources */ = {isa = PBXBuildFile; fileRef = E574BABA2AED38070067DC99 /* UIApplication.swift */; };
		E574BABD2AED4AB00067DC99 /* StatisticModel.swift in Sources */ = {isa = PBXBuildFile; fileRef = E574BABC2AED4AB00067DC99 /* StatisticModel.swift */; };
		E574BAC12AED4BCD0067DC99 /* StatisticView.swift in Sources */ = {isa = PBXBuildFile; fileRef = E574BAC02AED4BCD0067DC99 /* StatisticView.swift */; };
		E5CDE6692AEFA193000C0EAB /* CoinDetailModel.swift in Sources */ = {isa = PBXBuildFile; fileRef = E5CDE6682AEFA193000C0EAB /* CoinDetailModel.swift */; };
		E5CDE66B2AEFA6E7000C0EAB /* DetailViewModel.swift in Sources */ = {isa = PBXBuildFile; fileRef = E5CDE66A2AEFA6E7000C0EAB /* DetailViewModel.swift */; };
		E5CDE66D2AEFA712000C0EAB /* CoinDetailDataService.swift in Sources */ = {isa = PBXBuildFile; fileRef = E5CDE66C2AEFA712000C0EAB /* CoinDetailDataService.swift */; };
		E5CDE66F2AEFAB07000C0EAB /* DetailView.swift in Sources */ = {isa = PBXBuildFile; fileRef = E5CDE66E2AEFAB07000C0EAB /* DetailView.swift */; };
		E5CDE6732AF0FE9C000C0EAB /* ChartView.swift in Sources */ = {isa = PBXBuildFile; fileRef = E5CDE6722AF0FE9C000C0EAB /* ChartView.swift */; };
		E5CDE6752AF1089A000C0EAB /* Date.swift in Sources */ = {isa = PBXBuildFile; fileRef = E5CDE6742AF1089A000C0EAB /* Date.swift */; };
		E5CDE6772AF3B6FC000C0EAB /* String.swift in Sources */ = {isa = PBXBuildFile; fileRef = E5CDE6762AF3B6FC000C0EAB /* String.swift */; };
		E5F1EA0B2AEDA7AE0006696C /* PortfolioDataService.swift in Sources */ = {isa = PBXBuildFile; fileRef = E5F1EA0A2AEDA7AE0006696C /* PortfolioDataService.swift */; };
		E5F1EA0E2AEDA9230006696C /* PortfolioContainer.xcdatamodeld in Sources */ = {isa = PBXBuildFile; fileRef = E5F1EA0C2AEDA9230006696C /* PortfolioContainer.xcdatamodeld */; };
		E5F4BCB62AED5D8800DFC0D0 /* HomeStatsView.swift in Sources */ = {isa = PBXBuildFile; fileRef = E5F4BCB52AED5D8800DFC0D0 /* HomeStatsView.swift */; };
/* End PBXBuildFile section */

/* Begin PBXFileReference section */
		E5084E592AEE4D21002A6B10 /* HapticManager.swift */ = {isa = PBXFileReference; lastKnownFileType = sourcecode.swift; path = HapticManager.swift; sourceTree = "<group>"; };
		E51C71612AEBAFC000EBDB50 /* CoinRowView.swift */ = {isa = PBXFileReference; lastKnownFileType = sourcecode.swift; path = CoinRowView.swift; sourceTree = "<group>"; };
		E51C71632AEBB05000EBDB50 /* PreviewProvider.swift */ = {isa = PBXFileReference; lastKnownFileType = sourcecode.swift; path = PreviewProvider.swift; sourceTree = "<group>"; };
		E51C71652AEBB77C00EBDB50 /* Double.swift */ = {isa = PBXFileReference; lastKnownFileType = sourcecode.swift; path = Double.swift; sourceTree = "<group>"; };
		E51C71672AEBC7F000EBDB50 /* HomeViewModel.swift */ = {isa = PBXFileReference; lastKnownFileType = sourcecode.swift; path = HomeViewModel.swift; sourceTree = "<group>"; };
		E51C716A2AECDF9E00EBDB50 /* CoinDataService.swift */ = {isa = PBXFileReference; lastKnownFileType = sourcecode.swift; path = CoinDataService.swift; sourceTree = "<group>"; };
		E51C716C2AECE45500EBDB50 /* JSONDecoder.swift */ = {isa = PBXFileReference; lastKnownFileType = sourcecode.swift; path = JSONDecoder.swift; sourceTree = "<group>"; };
		E51C716F2AECFCFA00EBDB50 /* NetworkingManager.swift */ = {isa = PBXFileReference; lastKnownFileType = sourcecode.swift; path = NetworkingManager.swift; sourceTree = "<group>"; };
		E51C71722AED0AE900EBDB50 /* CoinImageView.swift */ = {isa = PBXFileReference; lastKnownFileType = sourcecode.swift; path = CoinImageView.swift; sourceTree = "<group>"; };
		E51C71742AED0D0300EBDB50 /* CoinImageService.swift */ = {isa = PBXFileReference; lastKnownFileType = sourcecode.swift; path = CoinImageService.swift; sourceTree = "<group>"; };
		E51C71762AED0E1500EBDB50 /* CoinImageViewModel.swift */ = {isa = PBXFileReference; lastKnownFileType = sourcecode.swift; path = CoinImageViewModel.swift; sourceTree = "<group>"; };
		E51C71782AED183D00EBDB50 /* LocalFileManager.swift */ = {isa = PBXFileReference; lastKnownFileType = sourcecode.swift; path = LocalFileManager.swift; sourceTree = "<group>"; };
		E54260C12AEA96060095C4D5 /* cryBto.app */ = {isa = PBXFileReference; explicitFileType = wrapper.application; includeInIndex = 0; path = cryBto.app; sourceTree = BUILT_PRODUCTS_DIR; };
		E54260C42AEA96060095C4D5 /* cryBtoApp.swift */ = {isa = PBXFileReference; lastKnownFileType = sourcecode.swift; path = cryBtoApp.swift; sourceTree = "<group>"; };
		E54260C62AEA96060095C4D5 /* ContentView.swift */ = {isa = PBXFileReference; lastKnownFileType = sourcecode.swift; path = ContentView.swift; sourceTree = "<group>"; };
		E54260CB2AEA96070095C4D5 /* Preview Assets.xcassets */ = {isa = PBXFileReference; lastKnownFileType = folder.assetcatalog; path = "Preview Assets.xcassets"; sourceTree = "<group>"; };
		E54260D22AEA978C0095C4D5 /* Assets.xcassets */ = {isa = PBXFileReference; lastKnownFileType = folder.assetcatalog; name = Assets.xcassets; path = ../../../../Downloads/Resources/Assets.xcassets; sourceTree = "<group>"; };
		E54260D52AEA99310095C4D5 /* Color.swift */ = {isa = PBXFileReference; lastKnownFileType = sourcecode.swift; path = Color.swift; sourceTree = "<group>"; };
		E54260DB2AEAA4650095C4D5 /* HomeView.swift */ = {isa = PBXFileReference; lastKnownFileType = sourcecode.swift; path = HomeView.swift; sourceTree = "<group>"; };
		E54260DF2AEAA5730095C4D5 /* CircleButtonView.swift */ = {isa = PBXFileReference; lastKnownFileType = sourcecode.swift; path = CircleButtonView.swift; sourceTree = "<group>"; };
		E54260E12AEAA8280095C4D5 /* CircleButtonAnimationView.swift */ = {isa = PBXFileReference; lastKnownFileType = sourcecode.swift; path = CircleButtonAnimationView.swift; sourceTree = "<group>"; };
		E54260E62AEAC4D90095C4D5 /* CoinModel.swift */ = {isa = PBXFileReference; lastKnownFileType = sourcecode.swift; path = CoinModel.swift; sourceTree = "<group>"; };
		E55F021B2AED7DF700D7D878 /* MarketDataModel.swift */ = {isa = PBXFileReference; lastKnownFileType = sourcecode.swift; path = MarketDataModel.swift; sourceTree = "<group>"; };
		E55F021D2AED810B00D7D878 /* MarketDataService.swift */ = {isa = PBXFileReference; lastKnownFileType = sourcecode.swift; path = MarketDataService.swift; sourceTree = "<group>"; };
		E55F021F2AED8A5F00D7D878 /* PortfolioView.swift */ = {isa = PBXFileReference; lastKnownFileType = sourcecode.swift; path = PortfolioView.swift; sourceTree = "<group>"; };
		E55F02212AED8D2A00D7D878 /* DismissButton.swift */ = {isa = PBXFileReference; lastKnownFileType = sourcecode.swift; path = DismissButton.swift; sourceTree = "<group>"; };
		E55F02232AED8E8500D7D878 /* CoinLogoView.swift */ = {isa = PBXFileReference; lastKnownFileType = sourcecode.swift; path = CoinLogoView.swift; sourceTree = "<group>"; };
		E574BAB82AED34120067DC99 /* SearchBarView.swift */ = {isa = PBXFileReference; lastKnownFileType = sourcecode.swift; path = SearchBarView.swift; sourceTree = "<group>"; };
		E574BABA2AED38070067DC99 /* UIApplication.swift */ = {isa = PBXFileReference; lastKnownFileType = sourcecode.swift; path = UIApplication.swift; sourceTree = "<group>"; };
		E574BABC2AED4AB00067DC99 /* StatisticModel.swift */ = {isa = PBXFileReference; lastKnownFileType = sourcecode.swift; path = StatisticModel.swift; sourceTree = "<group>"; };
		E574BAC02AED4BCD0067DC99 /* StatisticView.swift */ = {isa = PBXFileReference; lastKnownFileType = sourcecode.swift; path = StatisticView.swift; sourceTree = "<group>"; };
		E5CDE6682AEFA193000C0EAB /* CoinDetailModel.swift */ = {isa = PBXFileReference; lastKnownFileType = sourcecode.swift; path = CoinDetailModel.swift; sourceTree = "<group>"; };
		E5CDE66A2AEFA6E7000C0EAB /* DetailViewModel.swift */ = {isa = PBXFileReference; lastKnownFileType = sourcecode.swift; path = DetailViewModel.swift; sourceTree = "<group>"; };
		E5CDE66C2AEFA712000C0EAB /* CoinDetailDataService.swift */ = {isa = PBXFileReference; lastKnownFileType = sourcecode.swift; path = CoinDetailDataService.swift; sourceTree = "<group>"; };
		E5CDE66E2AEFAB07000C0EAB /* DetailView.swift */ = {isa = PBXFileReference; lastKnownFileType = sourcecode.swift; path = DetailView.swift; sourceTree = "<group>"; };
		E5CDE6722AF0FE9C000C0EAB /* ChartView.swift */ = {isa = PBXFileReference; lastKnownFileType = sourcecode.swift; path = ChartView.swift; sourceTree = "<group>"; };
		E5CDE6742AF1089A000C0EAB /* Date.swift */ = {isa = PBXFileReference; lastKnownFileType = sourcecode.swift; path = Date.swift; sourceTree = "<group>"; };
		E5CDE6762AF3B6FC000C0EAB /* String.swift */ = {isa = PBXFileReference; lastKnownFileType = sourcecode.swift; path = String.swift; sourceTree = "<group>"; };
		E5F1EA0A2AEDA7AE0006696C /* PortfolioDataService.swift */ = {isa = PBXFileReference; lastKnownFileType = sourcecode.swift; path = PortfolioDataService.swift; sourceTree = "<group>"; };
		E5F1EA0D2AEDA9230006696C /* PortfolioContainer.xcdatamodel */ = {isa = PBXFileReference; lastKnownFileType = wrapper.xcdatamodel; path = PortfolioContainer.xcdatamodel; sourceTree = "<group>"; };
		E5F4BCB52AED5D8800DFC0D0 /* HomeStatsView.swift */ = {isa = PBXFileReference; lastKnownFileType = sourcecode.swift; path = HomeStatsView.swift; sourceTree = "<group>"; };
/* End PBXFileReference section */

/* Begin PBXFrameworksBuildPhase section */
		E54260BE2AEA96060095C4D5 /* Frameworks */ = {
			isa = PBXFrameworksBuildPhase;
			buildActionMask = 2147483647;
			files = (
			);
			runOnlyForDeploymentPostprocessing = 0;
		};
/* End PBXFrameworksBuildPhase section */

/* Begin PBXGroup section */
		E5084E5B2AEE5F02002A6B10 /* Detail */ = {
			isa = PBXGroup;
			children = (
				E5084E5D2AEE5F21002A6B10 /* ViewModels */,
				E5084E5C2AEE5F1C002A6B10 /* Views */,
			);
			path = Detail;
			sourceTree = "<group>";
		};
		E5084E5C2AEE5F1C002A6B10 /* Views */ = {
			isa = PBXGroup;
			children = (
				E5CDE66E2AEFAB07000C0EAB /* DetailView.swift */,
				E5CDE6722AF0FE9C000C0EAB /* ChartView.swift */,
			);
			path = Views;
			sourceTree = "<group>";
		};
		E5084E5D2AEE5F21002A6B10 /* ViewModels */ = {
			isa = PBXGroup;
			children = (
				E5CDE66A2AEFA6E7000C0EAB /* DetailViewModel.swift */,
			);
			path = ViewModels;
			sourceTree = "<group>";
		};
		E51C71692AECDF7400EBDB50 /* Services */ = {
			isa = PBXGroup;
			children = (
				E51C716A2AECDF9E00EBDB50 /* CoinDataService.swift */,
				E5CDE66C2AEFA712000C0EAB /* CoinDetailDataService.swift */,
				E51C71742AED0D0300EBDB50 /* CoinImageService.swift */,
				E55F021D2AED810B00D7D878 /* MarketDataService.swift */,
				E5F1EA0A2AEDA7AE0006696C /* PortfolioDataService.swift */,
			);
			path = Services;
			sourceTree = "<group>";
		};
		E51C716E2AECFCCD00EBDB50 /* Utilities */ = {
			isa = PBXGroup;
			children = (
				E51C716F2AECFCFA00EBDB50 /* NetworkingManager.swift */,
				E51C71782AED183D00EBDB50 /* LocalFileManager.swift */,
				E5084E592AEE4D21002A6B10 /* HapticManager.swift */,
			);
			path = Utilities;
			sourceTree = "<group>";
		};
		E51C71712AED0ADC00EBDB50 /* CoinImage */ = {
			isa = PBXGroup;
			children = (
				E51C71722AED0AE900EBDB50 /* CoinImageView.swift */,
				E51C71762AED0E1500EBDB50 /* CoinImageViewModel.swift */,
				E55F02232AED8E8500D7D878 /* CoinLogoView.swift */,
			);
			path = CoinImage;
			sourceTree = "<group>";
		};
		E54260B82AEA96060095C4D5 = {
			isa = PBXGroup;
			children = (
				E54260C32AEA96060095C4D5 /* cryBto */,
				E54260C22AEA96060095C4D5 /* Products */,
			);
			sourceTree = "<group>";
		};
		E54260C22AEA96060095C4D5 /* Products */ = {
			isa = PBXGroup;
			children = (
				E54260C12AEA96060095C4D5 /* cryBto.app */,
			);
			name = Products;
			sourceTree = "<group>";
		};
		E54260C32AEA96060095C4D5 /* cryBto */ = {
			isa = PBXGroup;
			children = (
				E51C716E2AECFCCD00EBDB50 /* Utilities */,
				E54260D42AEA99230095C4D5 /* Extensions */,
				E51C71692AECDF7400EBDB50 /* Services */,
				E54260E32AEAC2360095C4D5 /* Models */,
				E54260D72AEAA43F0095C4D5 /* Core */,
				E54260C42AEA96060095C4D5 /* cryBtoApp.swift */,
				E54260C62AEA96060095C4D5 /* ContentView.swift */,
				E54260D22AEA978C0095C4D5 /* Assets.xcassets */,
				E54260CA2AEA96070095C4D5 /* Preview Content */,
			);
			path = cryBto;
			sourceTree = "<group>";
		};
		E54260CA2AEA96070095C4D5 /* Preview Content */ = {
			isa = PBXGroup;
			children = (
				E54260CB2AEA96070095C4D5 /* Preview Assets.xcassets */,
			);
			path = "Preview Content";
			sourceTree = "<group>";
		};
		E54260D42AEA99230095C4D5 /* Extensions */ = {
			isa = PBXGroup;
			children = (
				E54260D52AEA99310095C4D5 /* Color.swift */,
				E51C71632AEBB05000EBDB50 /* PreviewProvider.swift */,
				E51C71652AEBB77C00EBDB50 /* Double.swift */,
				E51C716C2AECE45500EBDB50 /* JSONDecoder.swift */,
				E574BABA2AED38070067DC99 /* UIApplication.swift */,
				E5CDE6742AF1089A000C0EAB /* Date.swift */,
				E5CDE6762AF3B6FC000C0EAB /* String.swift */,
			);
			path = Extensions;
			sourceTree = "<group>";
		};
		E54260D72AEAA43F0095C4D5 /* Core */ = {
			isa = PBXGroup;
			children = (
				E54260DD2AEAA54E0095C4D5 /* Components */,
				E54260D82AEAA4460095C4D5 /* Home */,
				E5084E5B2AEE5F02002A6B10 /* Detail */,
			);
			path = Core;
			sourceTree = "<group>";
		};
		E54260D82AEAA4460095C4D5 /* Home */ = {
			isa = PBXGroup;
			children = (
				E54260DA2AEAA4570095C4D5 /* ViewModels */,
				E54260D92AEAA4530095C4D5 /* Views */,
			);
			path = Home;
			sourceTree = "<group>";
		};
		E54260D92AEAA4530095C4D5 /* Views */ = {
			isa = PBXGroup;
			children = (
				E54260DB2AEAA4650095C4D5 /* HomeView.swift */,
				E5F4BCB52AED5D8800DFC0D0 /* HomeStatsView.swift */,
				E51C71612AEBAFC000EBDB50 /* CoinRowView.swift */,
				E55F021F2AED8A5F00D7D878 /* PortfolioView.swift */,
			);
			path = Views;
			sourceTree = "<group>";
		};
		E54260DA2AEAA4570095C4D5 /* ViewModels */ = {
			isa = PBXGroup;
			children = (
				E51C71672AEBC7F000EBDB50 /* HomeViewModel.swift */,
			);
			path = ViewModels;
			sourceTree = "<group>";
		};
		E54260DD2AEAA54E0095C4D5 /* Components */ = {
			isa = PBXGroup;
			children = (
				E574BAB72AED33F70067DC99 /* SearchBar */,
				E51C71712AED0ADC00EBDB50 /* CoinImage */,
				E54260DE2AEAA5680095C4D5 /* CircleButton */,
				E574BAC02AED4BCD0067DC99 /* StatisticView.swift */,
				E55F02212AED8D2A00D7D878 /* DismissButton.swift */,
			);
			path = Components;
			sourceTree = "<group>";
		};
		E54260DE2AEAA5680095C4D5 /* CircleButton */ = {
			isa = PBXGroup;
			children = (
				E54260DF2AEAA5730095C4D5 /* CircleButtonView.swift */,
				E54260E12AEAA8280095C4D5 /* CircleButtonAnimationView.swift */,
			);
			path = CircleButton;
			sourceTree = "<group>";
		};
		E54260E32AEAC2360095C4D5 /* Models */ = {
			isa = PBXGroup;
			children = (
				E5F1EA0C2AEDA9230006696C /* PortfolioContainer.xcdatamodeld */,
				E54260E62AEAC4D90095C4D5 /* CoinModel.swift */,
				E5CDE6682AEFA193000C0EAB /* CoinDetailModel.swift */,
				E574BABC2AED4AB00067DC99 /* StatisticModel.swift */,
				E55F021B2AED7DF700D7D878 /* MarketDataModel.swift */,
			);
			path = Models;
			sourceTree = "<group>";
		};
		E574BAB72AED33F70067DC99 /* SearchBar */ = {
			isa = PBXGroup;
			children = (
				E574BAB82AED34120067DC99 /* SearchBarView.swift */,
			);
			path = SearchBar;
			sourceTree = "<group>";
		};
/* End PBXGroup section */

/* Begin PBXNativeTarget section */
		E54260C02AEA96060095C4D5 /* cryBto */ = {
			isa = PBXNativeTarget;
			buildConfigurationList = E54260CF2AEA96070095C4D5 /* Build configuration list for PBXNativeTarget "cryBto" */;
			buildPhases = (
				E54260BD2AEA96060095C4D5 /* Sources */,
				E54260BE2AEA96060095C4D5 /* Frameworks */,
				E54260BF2AEA96060095C4D5 /* Resources */,
			);
			buildRules = (
			);
			dependencies = (
			);
			name = cryBto;
			productName = cryBto;
			productReference = E54260C12AEA96060095C4D5 /* cryBto.app */;
			productType = "com.apple.product-type.application";
		};
/* End PBXNativeTarget section */

/* Begin PBXProject section */
		E54260B92AEA96060095C4D5 /* Project object */ = {
			isa = PBXProject;
			attributes = {
				BuildIndependentTargetsInParallel = 1;
				LastSwiftUpdateCheck = 1430;
				LastUpgradeCheck = 1430;
				TargetAttributes = {
					E54260C02AEA96060095C4D5 = {
						CreatedOnToolsVersion = 14.3.1;
					};
				};
			};
			buildConfigurationList = E54260BC2AEA96060095C4D5 /* Build configuration list for PBXProject "cryBto" */;
			compatibilityVersion = "Xcode 14.0";
			developmentRegion = en;
			hasScannedForEncodings = 0;
			knownRegions = (
				en,
				Base,
			);
			mainGroup = E54260B82AEA96060095C4D5;
			productRefGroup = E54260C22AEA96060095C4D5 /* Products */;
			projectDirPath = "";
			projectRoot = "";
			targets = (
				E54260C02AEA96060095C4D5 /* cryBto */,
			);
		};
/* End PBXProject section */

/* Begin PBXResourcesBuildPhase section */
		E54260BF2AEA96060095C4D5 /* Resources */ = {
			isa = PBXResourcesBuildPhase;
			buildActionMask = 2147483647;
			files = (
				E54260CC2AEA96070095C4D5 /* Preview Assets.xcassets in Resources */,
				E54260D32AEA978C0095C4D5 /* Assets.xcassets in Resources */,
			);
			runOnlyForDeploymentPostprocessing = 0;
		};
/* End PBXResourcesBuildPhase section */

/* Begin PBXSourcesBuildPhase section */
		E54260BD2AEA96060095C4D5 /* Sources */ = {
			isa = PBXSourcesBuildPhase;
			buildActionMask = 2147483647;
			files = (
				E5CDE6772AF3B6FC000C0EAB /* String.swift in Sources */,
				E51C716B2AECDF9E00EBDB50 /* CoinDataService.swift in Sources */,
				E574BABD2AED4AB00067DC99 /* StatisticModel.swift in Sources */,
				E51C71622AEBAFC000EBDB50 /* CoinRowView.swift in Sources */,
				E5CDE66F2AEFAB07000C0EAB /* DetailView.swift in Sources */,
				E51C71682AEBC7F000EBDB50 /* HomeViewModel.swift in Sources */,
				E54260C72AEA96060095C4D5 /* ContentView.swift in Sources */,
				E55F021E2AED810B00D7D878 /* MarketDataService.swift in Sources */,
				E55F02242AED8E8500D7D878 /* CoinLogoView.swift in Sources */,
				E5CDE6692AEFA193000C0EAB /* CoinDetailModel.swift in Sources */,
				E54260DC2AEAA4650095C4D5 /* HomeView.swift in Sources */,
				E51C716D2AECE45500EBDB50 /* JSONDecoder.swift in Sources */,
				E55F021C2AED7DF700D7D878 /* MarketDataModel.swift in Sources */,
				E5F1EA0B2AEDA7AE0006696C /* PortfolioDataService.swift in Sources */,
				E54260C52AEA96060095C4D5 /* cryBtoApp.swift in Sources */,
				E54260E02AEAA5730095C4D5 /* CircleButtonView.swift in Sources */,
				E574BAC12AED4BCD0067DC99 /* StatisticView.swift in Sources */,
				E574BABB2AED38070067DC99 /* UIApplication.swift in Sources */,
				E51C71772AED0E1500EBDB50 /* CoinImageViewModel.swift in Sources */,
				E5CDE66B2AEFA6E7000C0EAB /* DetailViewModel.swift in Sources */,
				E54260D62AEA99310095C4D5 /* Color.swift in Sources */,
				E5F4BCB62AED5D8800DFC0D0 /* HomeStatsView.swift in Sources */,
				E54260E22AEAA8280095C4D5 /* CircleButtonAnimationView.swift in Sources */,
				E51C71792AED183D00EBDB50 /* LocalFileManager.swift in Sources */,
				E5CDE6732AF0FE9C000C0EAB /* ChartView.swift in Sources */,
				E574BAB92AED34120067DC99 /* SearchBarView.swift in Sources */,
				E5F1EA0E2AEDA9230006696C /* PortfolioContainer.xcdatamodeld in Sources */,
				E51C71642AEBB05000EBDB50 /* PreviewProvider.swift in Sources */,
				E51C71732AED0AE900EBDB50 /* CoinImageView.swift in Sources */,
				E5CDE66D2AEFA712000C0EAB /* CoinDetailDataService.swift in Sources */,
				E51C71662AEBB77C00EBDB50 /* Double.swift in Sources */,
				E54260E72AEAC4D90095C4D5 /* CoinModel.swift in Sources */,
				E5CDE6752AF1089A000C0EAB /* Date.swift in Sources */,
				E51C71752AED0D0300EBDB50 /* CoinImageService.swift in Sources */,
				E55F02222AED8D2A00D7D878 /* DismissButton.swift in Sources */,
				E51C71702AECFCFA00EBDB50 /* NetworkingManager.swift in Sources */,
				E5084E5A2AEE4D21002A6B10 /* HapticManager.swift in Sources */,
				E55F02202AED8A5F00D7D878 /* PortfolioView.swift in Sources */,
			);
			runOnlyForDeploymentPostprocessing = 0;
		};
/* End PBXSourcesBuildPhase section */

/* Begin XCBuildConfiguration section */
		E54260CD2AEA96070095C4D5 /* Debug */ = {
			isa = XCBuildConfiguration;
			buildSettings = {
				ALWAYS_SEARCH_USER_PATHS = NO;
				CLANG_ANALYZER_NONNULL = YES;
				CLANG_ANALYZER_NUMBER_OBJECT_CONVERSION = YES_AGGRESSIVE;
				CLANG_CXX_LANGUAGE_STANDARD = "gnu++20";
				CLANG_ENABLE_MODULES = YES;
				CLANG_ENABLE_OBJC_ARC = YES;
				CLANG_ENABLE_OBJC_WEAK = YES;
				CLANG_WARN_BLOCK_CAPTURE_AUTORELEASING = YES;
				CLANG_WARN_BOOL_CONVERSION = YES;
				CLANG_WARN_COMMA = YES;
				CLANG_WARN_CONSTANT_CONVERSION = YES;
				CLANG_WARN_DEPRECATED_OBJC_IMPLEMENTATIONS = YES;
				CLANG_WARN_DIRECT_OBJC_ISA_USAGE = YES_ERROR;
				CLANG_WARN_DOCUMENTATION_COMMENTS = YES;
				CLANG_WARN_EMPTY_BODY = YES;
				CLANG_WARN_ENUM_CONVERSION = YES;
				CLANG_WARN_INFINITE_RECURSION = YES;
				CLANG_WARN_INT_CONVERSION = YES;
				CLANG_WARN_NON_LITERAL_NULL_CONVERSION = YES;
				CLANG_WARN_OBJC_IMPLICIT_RETAIN_SELF = YES;
				CLANG_WARN_OBJC_LITERAL_CONVERSION = YES;
				CLANG_WARN_OBJC_ROOT_CLASS = YES_ERROR;
				CLANG_WARN_QUOTED_INCLUDE_IN_FRAMEWORK_HEADER = YES;
				CLANG_WARN_RANGE_LOOP_ANALYSIS = YES;
				CLANG_WARN_STRICT_PROTOTYPES = YES;
				CLANG_WARN_SUSPICIOUS_MOVE = YES;
				CLANG_WARN_UNGUARDED_AVAILABILITY = YES_AGGRESSIVE;
				CLANG_WARN_UNREACHABLE_CODE = YES;
				CLANG_WARN__DUPLICATE_METHOD_MATCH = YES;
				COPY_PHASE_STRIP = NO;
				DEBUG_INFORMATION_FORMAT = dwarf;
				ENABLE_STRICT_OBJC_MSGSEND = YES;
				ENABLE_TESTABILITY = YES;
				GCC_C_LANGUAGE_STANDARD = gnu11;
				GCC_DYNAMIC_NO_PIC = NO;
				GCC_NO_COMMON_BLOCKS = YES;
				GCC_OPTIMIZATION_LEVEL = 0;
				GCC_PREPROCESSOR_DEFINITIONS = (
					"DEBUG=1",
					"$(inherited)",
				);
				GCC_WARN_64_TO_32_BIT_CONVERSION = YES;
				GCC_WARN_ABOUT_RETURN_TYPE = YES_ERROR;
				GCC_WARN_UNDECLARED_SELECTOR = YES;
				GCC_WARN_UNINITIALIZED_AUTOS = YES_AGGRESSIVE;
				GCC_WARN_UNUSED_FUNCTION = YES;
				GCC_WARN_UNUSED_VARIABLE = YES;
				IPHONEOS_DEPLOYMENT_TARGET = 16.4;
				MTL_ENABLE_DEBUG_INFO = INCLUDE_SOURCE;
				MTL_FAST_MATH = YES;
				ONLY_ACTIVE_ARCH = YES;
				SDKROOT = iphoneos;
				SWIFT_ACTIVE_COMPILATION_CONDITIONS = DEBUG;
				SWIFT_OPTIMIZATION_LEVEL = "-Onone";
			};
			name = Debug;
		};
		E54260CE2AEA96070095C4D5 /* Release */ = {
			isa = XCBuildConfiguration;
			buildSettings = {
				ALWAYS_SEARCH_USER_PATHS = NO;
				CLANG_ANALYZER_NONNULL = YES;
				CLANG_ANALYZER_NUMBER_OBJECT_CONVERSION = YES_AGGRESSIVE;
				CLANG_CXX_LANGUAGE_STANDARD = "gnu++20";
				CLANG_ENABLE_MODULES = YES;
				CLANG_ENABLE_OBJC_ARC = YES;
				CLANG_ENABLE_OBJC_WEAK = YES;
				CLANG_WARN_BLOCK_CAPTURE_AUTORELEASING = YES;
				CLANG_WARN_BOOL_CONVERSION = YES;
				CLANG_WARN_COMMA = YES;
				CLANG_WARN_CONSTANT_CONVERSION = YES;
				CLANG_WARN_DEPRECATED_OBJC_IMPLEMENTATIONS = YES;
				CLANG_WARN_DIRECT_OBJC_ISA_USAGE = YES_ERROR;
				CLANG_WARN_DOCUMENTATION_COMMENTS = YES;
				CLANG_WARN_EMPTY_BODY = YES;
				CLANG_WARN_ENUM_CONVERSION = YES;
				CLANG_WARN_INFINITE_RECURSION = YES;
				CLANG_WARN_INT_CONVERSION = YES;
				CLANG_WARN_NON_LITERAL_NULL_CONVERSION = YES;
				CLANG_WARN_OBJC_IMPLICIT_RETAIN_SELF = YES;
				CLANG_WARN_OBJC_LITERAL_CONVERSION = YES;
				CLANG_WARN_OBJC_ROOT_CLASS = YES_ERROR;
				CLANG_WARN_QUOTED_INCLUDE_IN_FRAMEWORK_HEADER = YES;
				CLANG_WARN_RANGE_LOOP_ANALYSIS = YES;
				CLANG_WARN_STRICT_PROTOTYPES = YES;
				CLANG_WARN_SUSPICIOUS_MOVE = YES;
				CLANG_WARN_UNGUARDED_AVAILABILITY = YES_AGGRESSIVE;
				CLANG_WARN_UNREACHABLE_CODE = YES;
				CLANG_WARN__DUPLICATE_METHOD_MATCH = YES;
				COPY_PHASE_STRIP = NO;
				DEBUG_INFORMATION_FORMAT = "dwarf-with-dsym";
				ENABLE_NS_ASSERTIONS = NO;
				ENABLE_STRICT_OBJC_MSGSEND = YES;
				GCC_C_LANGUAGE_STANDARD = gnu11;
				GCC_NO_COMMON_BLOCKS = YES;
				GCC_WARN_64_TO_32_BIT_CONVERSION = YES;
				GCC_WARN_ABOUT_RETURN_TYPE = YES_ERROR;
				GCC_WARN_UNDECLARED_SELECTOR = YES;
				GCC_WARN_UNINITIALIZED_AUTOS = YES_AGGRESSIVE;
				GCC_WARN_UNUSED_FUNCTION = YES;
				GCC_WARN_UNUSED_VARIABLE = YES;
				IPHONEOS_DEPLOYMENT_TARGET = 16.4;
				MTL_ENABLE_DEBUG_INFO = NO;
				MTL_FAST_MATH = YES;
				SDKROOT = iphoneos;
				SWIFT_COMPILATION_MODE = wholemodule;
				SWIFT_OPTIMIZATION_LEVEL = "-O";
				VALIDATE_PRODUCT = YES;
			};
			name = Release;
		};
		E54260D02AEA96070095C4D5 /* Debug */ = {
			isa = XCBuildConfiguration;
			buildSettings = {
				ASSETCATALOG_COMPILER_APPICON_NAME = AppIcon;
				ASSETCATALOG_COMPILER_GLOBAL_ACCENT_COLOR_NAME = AccentColor;
				CODE_SIGN_STYLE = Automatic;
				CURRENT_PROJECT_VERSION = 1;
				DEVELOPMENT_ASSET_PATHS = "\"cryBto/Preview Content\"";
				DEVELOPMENT_TEAM = PQD3HLJC38;
				ENABLE_PREVIEWS = YES;
				GENERATE_INFOPLIST_FILE = YES;
				INFOPLIST_KEY_CFBundleDisplayName = cryBto;
				INFOPLIST_KEY_UIApplicationSceneManifest_Generation = YES;
				INFOPLIST_KEY_UIApplicationSupportsIndirectInputEvents = YES;
				INFOPLIST_KEY_UILaunchScreen_Generation = YES;
				INFOPLIST_KEY_UISupportedInterfaceOrientations = UIInterfaceOrientationPortrait;
				INFOPLIST_KEY_UISupportedInterfaceOrientations_iPad = "UIInterfaceOrientationLandscapeLeft UIInterfaceOrientationLandscapeRight UIInterfaceOrientationPortrait UIInterfaceOrientationPortraitUpsideDown";
				LD_RUNPATH_SEARCH_PATHS = (
					"$(inherited)",
					"@executable_path/Frameworks",
				);
				MARKETING_VERSION = 1.0;
				PRODUCT_BUNDLE_IDENTIFIER = com.godzi.cryBto;
				PRODUCT_NAME = "$(TARGET_NAME)";
				SUPPORTED_PLATFORMS = "iphoneos iphonesimulator";
				SUPPORTS_MACCATALYST = NO;
				SUPPORTS_MAC_DESIGNED_FOR_IPHONE_IPAD = NO;
				SWIFT_EMIT_LOC_STRINGS = YES;
				SWIFT_VERSION = 5.0;
				TARGETED_DEVICE_FAMILY = "1,2";
			};
			name = Debug;
		};
		E54260D12AEA96070095C4D5 /* Release */ = {
			isa = XCBuildConfiguration;
			buildSettings = {
				ASSETCATALOG_COMPILER_APPICON_NAME = AppIcon;
				ASSETCATALOG_COMPILER_GLOBAL_ACCENT_COLOR_NAME = AccentColor;
				CODE_SIGN_STYLE = Automatic;
				CURRENT_PROJECT_VERSION = 1;
				DEVELOPMENT_ASSET_PATHS = "\"cryBto/Preview Content\"";
				DEVELOPMENT_TEAM = PQD3HLJC38;
				ENABLE_PREVIEWS = YES;
				GENERATE_INFOPLIST_FILE = YES;
				INFOPLIST_KEY_CFBundleDisplayName = cryBto;
				INFOPLIST_KEY_UIApplicationSceneManifest_Generation = YES;
				INFOPLIST_KEY_UIApplicationSupportsIndirectInputEvents = YES;
				INFOPLIST_KEY_UILaunchScreen_Generation = YES;
				INFOPLIST_KEY_UISupportedInterfaceOrientations = UIInterfaceOrientationPortrait;
				INFOPLIST_KEY_UISupportedInterfaceOrientations_iPad = "UIInterfaceOrientationLandscapeLeft UIInterfaceOrientationLandscapeRight UIInterfaceOrientationPortrait UIInterfaceOrientationPortraitUpsideDown";
				LD_RUNPATH_SEARCH_PATHS = (
					"$(inherited)",
					"@executable_path/Frameworks",
				);
				MARKETING_VERSION = 1.0;
				PRODUCT_BUNDLE_IDENTIFIER = com.godzi.cryBto;
				PRODUCT_NAME = "$(TARGET_NAME)";
				SUPPORTED_PLATFORMS = "iphoneos iphonesimulator";
				SUPPORTS_MACCATALYST = NO;
				SUPPORTS_MAC_DESIGNED_FOR_IPHONE_IPAD = NO;
				SWIFT_EMIT_LOC_STRINGS = YES;
				SWIFT_VERSION = 5.0;
				TARGETED_DEVICE_FAMILY = "1,2";
			};
			name = Release;
		};
/* End XCBuildConfiguration section */

/* Begin XCConfigurationList section */
		E54260BC2AEA96060095C4D5 /* Build configuration list for PBXProject "cryBto" */ = {
			isa = XCConfigurationList;
			buildConfigurations = (
				E54260CD2AEA96070095C4D5 /* Debug */,
				E54260CE2AEA96070095C4D5 /* Release */,
			);
			defaultConfigurationIsVisible = 0;
			defaultConfigurationName = Release;
		};
		E54260CF2AEA96070095C4D5 /* Build configuration list for PBXNativeTarget "cryBto" */ = {
			isa = XCConfigurationList;
			buildConfigurations = (
				E54260D02AEA96070095C4D5 /* Debug */,
				E54260D12AEA96070095C4D5 /* Release */,
			);
			defaultConfigurationIsVisible = 0;
			defaultConfigurationName = Release;
		};
/* End XCConfigurationList section */

/* Begin XCVersionGroup section */
		E5F1EA0C2AEDA9230006696C /* PortfolioContainer.xcdatamodeld */ = {
			isa = XCVersionGroup;
			children = (
				E5F1EA0D2AEDA9230006696C /* PortfolioContainer.xcdatamodel */,
			);
			currentVersion = E5F1EA0D2AEDA9230006696C /* PortfolioContainer.xcdatamodel */;
			name = PortfolioContainer.xcdatamodeld;
			path = ../../../../../Downloads/Resources/Models/PortfolioContainer.xcdatamodeld;
			sourceTree = "<group>";
			versionGroupType = wrapper.xcdatamodel;
		};
/* End XCVersionGroup section */
	};
	rootObject = E54260B92AEA96060095C4D5 /* Project object */;
}
